Microsoft Visual Studio Solution File, Format Version 12.00
# Visual Studio Version 17
VisualStudioVersion = 17.5.2.0
MinimumVisualStudioVersion = 10.0.40219.1
Project("{FAE04EC0-301F-11D3-BF4B-00C04F79EFBC}") = "ToshoKanri", "ToshoKanri.csproj", "{11359C5A-9603-2DBB-6EC0-A529752AA4EB}"
EndProject
Global
	GlobalSection(SolutionConfigurationPlatforms) = preSolution
		Debug|Any CPU = Debug|Any CPU
		Release|Any CPU = Release|Any CPU
	EndGlobalSection
	GlobalSection(ProjectConfigurationPlatforms) = postSolution
		{11359C5A-9603-2DBB-6EC0-A529752AA4EB}.Debug|Any CPU.ActiveCfg = Debug|Any CPU
		{11359C5A-9603-2DBB-6EC0-A529752AA4EB}.Debug|Any CPU.Build.0 = Debug|Any CPU
		{11359C5A-9603-2DBB-6EC0-A529752AA4EB}.Release|Any CPU.ActiveCfg = Release|Any CPU
		{11359C5A-9603-2DBB-6EC0-A529752AA4EB}.Release|Any CPU.Build.0 = Release|Any CPU
	EndGlobalSection
	GlobalSection(SolutionProperties) = preSolution
		HideSolutionNode = FALSE
	EndGlobalSection
	GlobalSection(ExtensibilityGlobals) = postSolution
		SolutionGuid = {70CA88EF-895D-4F4C-990D-31E69D5C41AF}
	EndGlobalSection
EndGlobal
